
Microsoft Visual Studio Solution File, Format Version 11.00
# Visual Studio 2010
Project("{FAE04EC0-301F-11D3-BF4B-00C04F79EFBC}") = "Vipers7", "Vipers\Vipers7.csproj", "{2CF6DDD0-08F2-414D-917E-BC63A49B390C}"
EndProject
Global
	GlobalSection(SolutionConfigurationPlatforms) = preSolution
		Debug64|Any CPU = Debug64|Any CPU
		Release|Any CPU = Release|Any CPU
	EndGlobalSection
	GlobalSection(ProjectConfigurationPlatforms) = postSolution
		{2CF6DDD0-08F2-414D-917E-BC63A49B390C}.Debug64|Any CPU.ActiveCfg = Debug64|Any CPU
		{2CF6DDD0-08F2-414D-917E-BC63A49B390C}.Debug64|Any CPU.Build.0 = Debug64|Any CPU
		{2CF6DDD0-08F2-414D-917E-BC63A49B390C}.Release|Any CPU.ActiveCfg = Release|Any CPU
		{2CF6DDD0-08F2-414D-917E-BC63A49B390C}.Release|Any CPU.Build.0 = Release|Any CPU
	EndGlobalSection
	GlobalSection(SolutionProperties) = preSolution
		HideSolutionNode = FALSE
	EndGlobalSection
EndGlobal
